
Microsoft Visual Studio Solution File, Format Version 12.00
# Visual Studio Version 17
VisualStudioVersion = 17.0.32014.148
MinimumVisualStudioVersion = 10.0.40219.1
Project("{8BC9CEB8-8B4A-11D0-8D11-00A0C91BC942}") = "Homework0114", "Homework0114\Homework0114.vcxproj", "{5BCC2E19-DA0D-45BA-A8F8-43BB47810D33}"
EndProject
Project("{8BC9CEB8-8B4A-11D0-8D11-00A0C91BC942}") = "Test", "Test\Test.vcxproj", "{6B7E3D67-D910-499A-A548-B681CBACD211}"
EndProject
Project("{8BC9CEB8-8B4A-11D0-8D11-00A0C91BC942}") = "Homework0126", "Homework0126\Homework0126.vcxproj", "{7381EE52-A9D5-4250-B351-5B278B1BBADF}"
EndProject
Project("{8BC9CEB8-8B4A-11D0-8D11-00A0C91BC942}") = "Homework0209", "Homework0209\Homework0209.vcxproj", "{66760558-BFBD-44E1-BA68-30633624B649}"
EndProject
Project("{8BC9CEB8-8B4A-11D0-8D11-00A0C91BC942}") = "Homework0210", "Homework0210\Homework0210.vcxproj", "{56B55F94-AB49-49B3-AAA3-4378CA9C0F72}"
EndProject
Project("{8BC9CEB8-8B4A-11D0-8D11-00A0C91BC942}") = "Homework0211", "Homework0211\Homework0211.vcxproj", "{10D781FC-656F-4F15-9785-2C464C7C0B26}"
EndProject
Project("{8BC9CEB8-8B4A-11D0-8D11-00A0C91BC942}") = "Homework0215", "Homework0215\Homework0215.vcxproj", "{7815355C-0B23-4A6E-838F-B413973F077C}"
EndProject
Project("{8BC9CEB8-8B4A-11D0-8D11-00A0C91BC942}") = "Homework0221", "snake\Snake.vcxproj", "{050BA1F7-93E2-48D6-AD59-09EC8EF82049}"
EndProject
Project("{8BC9CEB8-8B4A-11D0-8D11-00A0C91BC942}") = "Homework0222", "Homework0222\Vector.vcxproj", "{C0004652-CE61-4B8D-889A-DB17A6E12C83}"
EndProject
Project("{8BC9CEB8-8B4A-11D0-8D11-00A0C91BC942}") = "Homework0223", "Homework0223\Homework0223.vcxproj", "{F2A38F20-A079-4EE6-A43F-DA5DF8F2C014}"
EndProject
Project("{8BC9CEB8-8B4A-11D0-8D11-00A0C91BC942}") = "Homework0224", "Homework0224\Homework0224.vcxproj", "{3B1040A2-F49F-4006-BEBB-86D3BFC39B26}"
EndProject
Global
	GlobalSection(SolutionConfigurationPlatforms) = preSolution
		Debug|x64 = Debug|x64
		Debug|x86 = Debug|x86
		Release|x64 = Release|x64
		Release|x86 = Release|x86
	EndGlobalSection
	GlobalSection(ProjectConfigurationPlatforms) = postSolution
		{5BCC2E19-DA0D-45BA-A8F8-43BB47810D33}.Debug|x64.ActiveCfg = Debug|x64
		{5BCC2E19-DA0D-45BA-A8F8-43BB47810D33}.Debug|x64.Build.0 = Debug|x64
		{5BCC2E19-DA0D-45BA-A8F8-43BB47810D33}.Debug|x86.ActiveCfg = Debug|Win32
		{5BCC2E19-DA0D-45BA-A8F8-43BB47810D33}.Debug|x86.Build.0 = Debug|Win32
		{5BCC2E19-DA0D-45BA-A8F8-43BB47810D33}.Release|x64.ActiveCfg = Release|x64
		{5BCC2E19-DA0D-45BA-A8F8-43BB47810D33}.Release|x64.Build.0 = Release|x64
		{5BCC2E19-DA0D-45BA-A8F8-43BB47810D33}.Release|x86.ActiveCfg = Release|Win32
		{5BCC2E19-DA0D-45BA-A8F8-43BB47810D33}.Release|x86.Build.0 = Release|Win32
		{6B7E3D67-D910-499A-A548-B681CBACD211}.Debug|x64.ActiveCfg = Debug|x64
		{6B7E3D67-D910-499A-A548-B681CBACD211}.Debug|x64.Build.0 = Debug|x64
		{6B7E3D67-D910-499A-A548-B681CBACD211}.Debug|x86.ActiveCfg = Debug|Win32
		{6B7E3D67-D910-499A-A548-B681CBACD211}.Debug|x86.Build.0 = Debug|Win32
		{6B7E3D67-D910-499A-A548-B681CBACD211}.Release|x64.ActiveCfg = Release|x64
		{6B7E3D67-D910-499A-A548-B681CBACD211}.Release|x64.Build.0 = Release|x64
		{6B7E3D67-D910-499A-A548-B681CBACD211}.Release|x86.ActiveCfg = Release|Win32
		{6B7E3D67-D910-499A-A548-B681CBACD211}.Release|x86.Build.0 = Release|Win32
		{7381EE52-A9D5-4250-B351-5B278B1BBADF}.Debug|x64.ActiveCfg = Debug|x64
		{7381EE52-A9D5-4250-B351-5B278B1BBADF}.Debug|x64.Build.0 = Debug|x64
		{7381EE52-A9D5-4250-B351-5B278B1BBADF}.Debug|x86.ActiveCfg = Debug|Win32
		{7381EE52-A9D5-4250-B351-5B278B1BBADF}.Debug|x86.Build.0 = Debug|Win32
		{7381EE52-A9D5-4250-B351-5B278B1BBADF}.Release|x64.ActiveCfg = Release|x64
		{7381EE52-A9D5-4250-B351-5B278B1BBADF}.Release|x64.Build.0 = Release|x64
		{7381EE52-A9D5-4250-B351-5B278B1BBADF}.Release|x86.ActiveCfg = Release|Win32
		{7381EE52-A9D5-4250-B351-5B278B1BBADF}.Release|x86.Build.0 = Release|Win32
		{66760558-BFBD-44E1-BA68-30633624B649}.Debug|x64.ActiveCfg = Debug|x64
		{66760558-BFBD-44E1-BA68-30633624B649}.Debug|x64.Build.0 = Debug|x64
		{66760558-BFBD-44E1-BA68-30633624B649}.Debug|x86.ActiveCfg = Debug|Win32
		{66760558-BFBD-44E1-BA68-30633624B649}.Debug|x86.Build.0 = Debug|Win32
		{66760558-BFBD-44E1-BA68-30633624B649}.Release|x64.ActiveCfg = Release|x64
		{66760558-BFBD-44E1-BA68-30633624B649}.Release|x64.Build.0 = Release|x64
		{66760558-BFBD-44E1-BA68-30633624B649}.Release|x86.ActiveCfg = Release|Win32
		{66760558-BFBD-44E1-BA68-30633624B649}.Release|x86.Build.0 = Release|Win32
		{56B55F94-AB49-49B3-AAA3-4378CA9C0F72}.Debug|x64.ActiveCfg = Debug|x64
		{56B55F94-AB49-49B3-AAA3-4378CA9C0F72}.Debug|x64.Build.0 = Debug|x64
		{56B55F94-AB49-49B3-AAA3-4378CA9C0F72}.Debug|x86.ActiveCfg = Debug|Win32
		{56B55F94-AB49-49B3-AAA3-4378CA9C0F72}.Debug|x86.Build.0 = Debug|Win32
		{56B55F94-AB49-49B3-AAA3-4378CA9C0F72}.Release|x64.ActiveCfg = Release|x64
		{56B55F94-AB49-49B3-AAA3-4378CA9C0F72}.Release|x64.Build.0 = Release|x64
		{56B55F94-AB49-49B3-AAA3-4378CA9C0F72}.Release|x86.ActiveCfg = Release|Win32
		{56B55F94-AB49-49B3-AAA3-4378CA9C0F72}.Release|x86.Build.0 = Release|Win32
		{10D781FC-656F-4F15-9785-2C464C7C0B26}.Debug|x64.ActiveCfg = Debug|x64
		{10D781FC-656F-4F15-9785-2C464C7C0B26}.Debug|x64.Build.0 = Debug|x64
		{10D781FC-656F-4F15-9785-2C464C7C0B26}.Debug|x86.ActiveCfg = Debug|Win32
		{10D781FC-656F-4F15-9785-2C464C7C0B26}.Debug|x86.Build.0 = Debug|Win32
		{10D781FC-656F-4F15-9785-2C464C7C0B26}.Release|x64.ActiveCfg = Release|x64
		{10D781FC-656F-4F15-9785-2C464C7C0B26}.Release|x64.Build.0 = Release|x64
		{10D781FC-656F-4F15-9785-2C464C7C0B26}.Release|x86.ActiveCfg = Release|Win32
		{10D781FC-656F-4F15-9785-2C464C7C0B26}.Release|x86.Build.0 = Release|Win32
		{7815355C-0B23-4A6E-838F-B413973F077C}.Debug|x64.ActiveCfg = Debug|x64
		{7815355C-0B23-4A6E-838F-B413973F077C}.Debug|x64.Build.0 = Debug|x64
		{7815355C-0B23-4A6E-838F-B413973F077C}.Debug|x86.ActiveCfg = Debug|Win32
		{7815355C-0B23-4A6E-838F-B413973F077C}.Debug|x86.Build.0 = Debug|Win32
		{7815355C-0B23-4A6E-838F-B413973F077C}.Release|x64.ActiveCfg = Release|x64
		{7815355C-0B23-4A6E-838F-B413973F077C}.Release|x64.Build.0 = Release|x64
		{7815355C-0B23-4A6E-838F-B413973F077C}.Release|x86.ActiveCfg = Release|Win32
		{7815355C-0B23-4A6E-838F-B413973F077C}.Release|x86.Build.0 = Release|Win32
		{050BA1F7-93E2-48D6-AD59-09EC8EF82049}.Debug|x64.ActiveCfg = Debug|x64
		{050BA1F7-93E2-48D6-AD59-09EC8EF82049}.Debug|x64.Build.0 = Debug|x64
		{050BA1F7-93E2-48D6-AD59-09EC8EF82049}.Debug|x86.ActiveCfg = Debug|Win32
		{050BA1F7-93E2-48D6-AD59-09EC8EF82049}.Debug|x86.Build.0 = Debug|Win32
		{050BA1F7-93E2-48D6-AD59-09EC8EF82049}.Release|x64.ActiveCfg = Release|x64
		{050BA1F7-93E2-48D6-AD59-09EC8EF82049}.Release|x64.Build.0 = Release|x64
		{050BA1F7-93E2-48D6-AD59-09EC8EF82049}.Release|x86.ActiveCfg = Release|Win32
		{050BA1F7-93E2-48D6-AD59-09EC8EF82049}.Release|x86.Build.0 = Release|Win32
		{C0004652-CE61-4B8D-889A-DB17A6E12C83}.Debug|x64.ActiveCfg = Debug|x64
		{C0004652-CE61-4B8D-889A-DB17A6E12C83}.Debug|x64.Build.0 = Debug|x64
		{C0004652-CE61-4B8D-889A-DB17A6E12C83}.Debug|x86.ActiveCfg = Debug|Win32
		{C0004652-CE61-4B8D-889A-DB17A6E12C83}.Debug|x86.Build.0 = Debug|Win32
		{C0004652-CE61-4B8D-889A-DB17A6E12C83}.Release|x64.ActiveCfg = Release|x64
		{C0004652-CE61-4B8D-889A-DB17A6E12C83}.Release|x64.Build.0 = Release|x64
		{C0004652-CE61-4B8D-889A-DB17A6E12C83}.Release|x86.ActiveCfg = Release|Win32
		{C0004652-CE61-4B8D-889A-DB17A6E12C83}.Release|x86.Build.0 = Release|Win32
		{F2A38F20-A079-4EE6-A43F-DA5DF8F2C014}.Debug|x64.ActiveCfg = Debug|x64
		{F2A38F20-A079-4EE6-A43F-DA5DF8F2C014}.Debug|x64.Build.0 = Debug|x64
		{F2A38F20-A079-4EE6-A43F-DA5DF8F2C014}.Debug|x86.ActiveCfg = Debug|Win32
		{F2A38F20-A079-4EE6-A43F-DA5DF8F2C014}.Debug|x86.Build.0 = Debug|Win32
		{F2A38F20-A079-4EE6-A43F-DA5DF8F2C014}.Release|x64.ActiveCfg = Release|x64
		{F2A38F20-A079-4EE6-A43F-DA5DF8F2C014}.Release|x64.Build.0 = Release|x64
		{F2A38F20-A079-4EE6-A43F-DA5DF8F2C014}.Release|x86.ActiveCfg = Release|Win32
		{F2A38F20-A079-4EE6-A43F-DA5DF8F2C014}.Release|x86.Build.0 = Release|Win32
		{3B1040A2-F49F-4006-BEBB-86D3BFC39B26}.Debug|x64.ActiveCfg = Debug|x64
		{3B1040A2-F49F-4006-BEBB-86D3BFC39B26}.Debug|x64.Build.0 = Debug|x64
		{3B1040A2-F49F-4006-BEBB-86D3BFC39B26}.Debug|x86.ActiveCfg = Debug|Win32
		{3B1040A2-F49F-4006-BEBB-86D3BFC39B26}.Debug|x86.Build.0 = Debug|Win32
		{3B1040A2-F49F-4006-BEBB-86D3BFC39B26}.Release|x64.ActiveCfg = Release|x64
		{3B1040A2-F49F-4006-BEBB-86D3BFC39B26}.Release|x64.Build.0 = Release|x64
		{3B1040A2-F49F-4006-BEBB-86D3BFC39B26}.Release|x86.ActiveCfg = Release|Win32
		{3B1040A2-F49F-4006-BEBB-86D3BFC39B26}.Release|x86.Build.0 = Release|Win32
	EndGlobalSection
	GlobalSection(SolutionProperties) = preSolution
		HideSolutionNode = FALSE
	EndGlobalSection
	GlobalSection(ExtensibilityGlobals) = postSolution
		SolutionGuid = {2DDE07D2-F4AB-45C2-8136-A0FB609CD033}
	EndGlobalSection
EndGlobal
