
Microsoft Visual Studio Solution File, Format Version 12.00
# Visual Studio Version 17
VisualStudioVersion = 17.0.32014.148
MinimumVisualStudioVersion = 10.0.40219.1
Project("{8BC9CEB8-8B4A-11D0-8D11-00A0C91BC942}") = "Homework0114", "Homework0114\Homework0114.vcxproj", "{5BCC2E19-DA0D-45BA-A8F8-43BB47810D33}"
EndProject
Project("{8BC9CEB8-8B4A-11D0-8D11-00A0C91BC942}") = "Test", "Test\Test.vcxproj", "{6B7E3D67-D910-499A-A548-B681CBACD211}"
EndProject
Project("{8BC9CEB8-8B4A-11D0-8D11-00A0C91BC942}") = "Homework0126", "Homework0126\Homework0126.vcxproj", "{7381EE52-A9D5-4250-B351-5B278B1BBADF}"
EndProject
Project("{8BC9CEB8-8B4A-11D0-8D11-00A0C91BC942}") = "Homework0209", "Homework0209\Homework0209.vcxproj", "{66760558-BFBD-44E1-BA68-30633624B649}"
EndProject
Project("{8BC9CEB8-8B4A-11D0-8D11-00A0C91BC942}") = "Homework0210", "Homework0210\Homework0210.vcxproj", "{56B55F94-AB49-49B3-AAA3-4378CA9C0F72}"
EndProject
Global
	GlobalSection(SolutionConfigurationPlatforms) = preSolution
		Debug|x64 = Debug|x64
		Debug|x86 = Debug|x86
		Release|x64 = Release|x64
		Release|x86 = Release|x86
	EndGlobalSection
	GlobalSection(ProjectConfigurationPlatforms) = postSolution
		{5BCC2E19-DA0D-45BA-A8F8-43BB47810D33}.Debug|x64.ActiveCfg = Debug|x64
		{5BCC2E19-DA0D-45BA-A8F8-43BB47810D33}.Debug|x64.Build.0 = Debug|x64
		{5BCC2E19-DA0D-45BA-A8F8-43BB47810D33}.Debug|x86.ActiveCfg = Debug|Win32
		{5BCC2E19-DA0D-45BA-A8F8-43BB47810D33}.Debug|x86.Build.0 = Debug|Win32
		{5BCC2E19-DA0D-45BA-A8F8-43BB47810D33}.Release|x64.ActiveCfg = Release|x64
		{5BCC2E19-DA0D-45BA-A8F8-43BB47810D33}.Release|x64.Build.0 = Release|x64
		{5BCC2E19-DA0D-45BA-A8F8-43BB47810D33}.Release|x86.ActiveCfg = Release|Win32
		{5BCC2E19-DA0D-45BA-A8F8-43BB47810D33}.Release|x86.Build.0 = Release|Win32
		{6B7E3D67-D910-499A-A548-B681CBACD211}.Debug|x64.ActiveCfg = Debug|x64
		{6B7E3D67-D910-499A-A548-B681CBACD211}.Debug|x64.Build.0 = Debug|x64
		{6B7E3D67-D910-499A-A548-B681CBACD211}.Debug|x86.ActiveCfg = Debug|Win32
		{6B7E3D67-D910-499A-A548-B681CBACD211}.Debug|x86.Build.0 = Debug|Win32
		{6B7E3D67-D910-499A-A548-B681CBACD211}.Release|x64.ActiveCfg = Release|x64
		{6B7E3D67-D910-499A-A548-B681CBACD211}.Release|x64.Build.0 = Release|x64
		{6B7E3D67-D910-499A-A548-B681CBACD211}.Release|x86.ActiveCfg = Release|Win32
		{6B7E3D67-D910-499A-A548-B681CBACD211}.Release|x86.Build.0 = Release|Win32
		{7381EE52-A9D5-4250-B351-5B278B1BBADF}.Debug|x64.ActiveCfg = Debug|x64
		{7381EE52-A9D5-4250-B351-5B278B1BBADF}.Debug|x64.Build.0 = Debug|x64
		{7381EE52-A9D5-4250-B351-5B278B1BBADF}.Debug|x86.ActiveCfg = Debug|Win32
		{7381EE52-A9D5-4250-B351-5B278B1BBADF}.Debug|x86.Build.0 = Debug|Win32
		{7381EE52-A9D5-4250-B351-5B278B1BBADF}.Release|x64.ActiveCfg = Release|x64
		{7381EE52-A9D5-4250-B351-5B278B1BBADF}.Release|x64.Build.0 = Release|x64
		{7381EE52-A9D5-4250-B351-5B278B1BBADF}.Release|x86.ActiveCfg = Release|Win32
		{7381EE52-A9D5-4250-B351-5B278B1BBADF}.Release|x86.Build.0 = Release|Win32
		{66760558-BFBD-44E1-BA68-30633624B649}.Debug|x64.ActiveCfg = Debug|x64
		{66760558-BFBD-44E1-BA68-30633624B649}.Debug|x64.Build.0 = Debug|x64
		{66760558-BFBD-44E1-BA68-30633624B649}.Debug|x86.ActiveCfg = Debug|Win32
		{66760558-BFBD-44E1-BA68-30633624B649}.Debug|x86.Build.0 = Debug|Win32
		{66760558-BFBD-44E1-BA68-30633624B649}.Release|x64.ActiveCfg = Release|x64
		{66760558-BFBD-44E1-BA68-30633624B649}.Release|x64.Build.0 = Release|x64
		{66760558-BFBD-44E1-BA68-30633624B649}.Release|x86.ActiveCfg = Release|Win32
		{66760558-BFBD-44E1-BA68-30633624B649}.Release|x86.Build.0 = Release|Win32
		{56B55F94-AB49-49B3-AAA3-4378CA9C0F72}.Debug|x64.ActiveCfg = Debug|x64
		{56B55F94-AB49-49B3-AAA3-4378CA9C0F72}.Debug|x64.Build.0 = Debug|x64
		{56B55F94-AB49-49B3-AAA3-4378CA9C0F72}.Debug|x86.ActiveCfg = Debug|Win32
		{56B55F94-AB49-49B3-AAA3-4378CA9C0F72}.Debug|x86.Build.0 = Debug|Win32
		{56B55F94-AB49-49B3-AAA3-4378CA9C0F72}.Release|x64.ActiveCfg = Release|x64
		{56B55F94-AB49-49B3-AAA3-4378CA9C0F72}.Release|x64.Build.0 = Release|x64
		{56B55F94-AB49-49B3-AAA3-4378CA9C0F72}.Release|x86.ActiveCfg = Release|Win32
		{56B55F94-AB49-49B3-AAA3-4378CA9C0F72}.Release|x86.Build.0 = Release|Win32
	EndGlobalSection
	GlobalSection(SolutionProperties) = preSolution
		HideSolutionNode = FALSE
	EndGlobalSection
	GlobalSection(ExtensibilityGlobals) = postSolution
		SolutionGuid = {2DDE07D2-F4AB-45C2-8136-A0FB609CD033}
	EndGlobalSection
EndGlobal
